
Microsoft Visual Studio Solution File, Format Version 12.00
# Visual Studio Version 16
VisualStudioVersion = 16.0.33423.256
MinimumVisualStudioVersion = 10.0.40219.1
Project("{8BC9CEB8-8B4A-11D0-8D11-00A0C91BC942}") = "LearnOpenGL", "LearnOpenGL\LearnOpenGL.vcxproj", "{1F5F47E1-D8C5-47B0-ABFE-274C2F95CDA8}"
EndProject
Project("{8BC9CEB8-8B4A-11D0-8D11-00A0C91BC942}") = "Project1", "Project1\Project1.vcxproj", "{6337113D-C23D-4881-9EE8-2AAED1074E77}"
EndProject
Global
	GlobalSection(SolutionConfigurationPlatforms) = preSolution
		Debug|Any CPU = Debug|Any CPU
		Debug|x64 = Debug|x64
		Debug|x86 = Debug|x86
		Release|Any CPU = Release|Any CPU
		Release|x64 = Release|x64
		Release|x86 = Release|x86
	EndGlobalSection
	GlobalSection(ProjectConfigurationPlatforms) = postSolution
		{1F5F47E1-D8C5-47B0-ABFE-274C2F95CDA8}.Debug|Any CPU.ActiveCfg = Debug|Win32
		{1F5F47E1-D8C5-47B0-ABFE-274C2F95CDA8}.Debug|x64.ActiveCfg = Debug|x64
		{1F5F47E1-D8C5-47B0-ABFE-274C2F95CDA8}.Debug|x64.Build.0 = Debug|x64
		{1F5F47E1-D8C5-47B0-ABFE-274C2F95CDA8}.Debug|x86.ActiveCfg = Debug|Win32
		{1F5F47E1-D8C5-47B0-ABFE-274C2F95CDA8}.Debug|x86.Build.0 = Debug|Win32
		{1F5F47E1-D8C5-47B0-ABFE-274C2F95CDA8}.Release|Any CPU.ActiveCfg = Release|Win32
		{1F5F47E1-D8C5-47B0-ABFE-274C2F95CDA8}.Release|x64.ActiveCfg = Release|x64
		{1F5F47E1-D8C5-47B0-ABFE-274C2F95CDA8}.Release|x64.Build.0 = Release|x64
		{1F5F47E1-D8C5-47B0-ABFE-274C2F95CDA8}.Release|x86.ActiveCfg = Release|Win32
		{1F5F47E1-D8C5-47B0-ABFE-274C2F95CDA8}.Release|x86.Build.0 = Release|Win32
		{6337113D-C23D-4881-9EE8-2AAED1074E77}.Debug|Any CPU.ActiveCfg = Debug|Win32
		{6337113D-C23D-4881-9EE8-2AAED1074E77}.Debug|x64.ActiveCfg = Debug|x64
		{6337113D-C23D-4881-9EE8-2AAED1074E77}.Debug|x64.Build.0 = Debug|x64
		{6337113D-C23D-4881-9EE8-2AAED1074E77}.Debug|x86.ActiveCfg = Debug|Win32
		{6337113D-C23D-4881-9EE8-2AAED1074E77}.Debug|x86.Build.0 = Debug|Win32
		{6337113D-C23D-4881-9EE8-2AAED1074E77}.Release|Any CPU.ActiveCfg = Release|Win32
		{6337113D-C23D-4881-9EE8-2AAED1074E77}.Release|x64.ActiveCfg = Release|x64
		{6337113D-C23D-4881-9EE8-2AAED1074E77}.Release|x64.Build.0 = Release|x64
		{6337113D-C23D-4881-9EE8-2AAED1074E77}.Release|x86.ActiveCfg = Release|Win32
		{6337113D-C23D-4881-9EE8-2AAED1074E77}.Release|x86.Build.0 = Release|Win32
	EndGlobalSection
	GlobalSection(SolutionProperties) = preSolution
		HideSolutionNode = FALSE
	EndGlobalSection
	GlobalSection(ExtensibilityGlobals) = postSolution
		SolutionGuid = {E23224F7-E566-47FA-93C3-059558AA0CC5}
	EndGlobalSection
EndGlobal
